
Microsoft Visual Studio Solution File, Format Version 12.00
# Visual Studio Version 18
VisualStudioVersion = 18.7.11903.348 stable
MinimumVisualStudioVersion = 10.0.40219.1
Project("{9A19103F-16F7-4668-BE54-9A1E7A4F7556}") = "myshop.Web", "myshop.Web\myshop.Web.csproj", "{E81509D0-95E0-40B3-9588-5213370F33D4}"
EndProject
Project("{FAE04EC0-301F-11D3-BF4B-00C04F79EFBC}") = "myshop.BLL", "myshop.BLL\myshop.BLL.csproj", "{F89884EB-DB39-4365-ACD0-1213892F9E23}"
EndProject
Project("{FAE04EC0-301F-11D3-BF4B-00C04F79EFBC}") = "myshop.DAL", "myshop.DAL\myshop.DAL.csproj", "{841210AA-599E-4675-9AB7-71BDC5B6E0DC}"
EndProject
Project("{FAE04EC0-301F-11D3-BF4B-00C04F79EFBC}") = "myshop.Domain", "myshop.Domain\myshop.Domain.csproj", "{FF42B0EE-1FAA-4A7A-9845-B14CC85CC5F8}"
EndProject
Project("{FAE04EC0-301F-11D3-BF4B-00C04F79EFBC}") = "myshop.Common", "myshop.Common\myshop.Common.csproj", "{ED3CC4E3-1B64-4D21-86B2-6E8CD0C71B3F}"
EndProject
Global
	GlobalSection(SolutionConfigurationPlatforms) = preSolution
		Debug|Any CPU = Debug|Any CPU
		Release|Any CPU = Release|Any CPU
	EndGlobalSection
	GlobalSection(ProjectConfigurationPlatforms) = postSolution
		{E81509D0-95E0-40B3-9588-5213370F33D4}.Debug|Any CPU.ActiveCfg = Debug|Any CPU
		{E81509D0-95E0-40B3-9588-5213370F33D4}.Debug|Any CPU.Build.0 = Debug|Any CPU
		{E81509D0-95E0-40B3-9588-5213370F33D4}.Release|Any CPU.ActiveCfg = Release|Any CPU
		{E81509D0-95E0-40B3-9588-5213370F33D4}.Release|Any CPU.Build.0 = Release|Any CPU
		{F89884EB-DB39-4365-ACD0-1213892F9E23}.Debug|Any CPU.ActiveCfg = Debug|Any CPU
		{F89884EB-DB39-4365-ACD0-1213892F9E23}.Debug|Any CPU.Build.0 = Debug|Any CPU
		{F89884EB-DB39-4365-ACD0-1213892F9E23}.Release|Any CPU.ActiveCfg = Release|Any CPU
		{F89884EB-DB39-4365-ACD0-1213892F9E23}.Release|Any CPU.Build.0 = Release|Any CPU
		{841210AA-599E-4675-9AB7-71BDC5B6E0DC}.Debug|Any CPU.ActiveCfg = Debug|Any CPU
		{841210AA-599E-4675-9AB7-71BDC5B6E0DC}.Debug|Any CPU.Build.0 = Debug|Any CPU
		{841210AA-599E-4675-9AB7-71BDC5B6E0DC}.Release|Any CPU.ActiveCfg = Release|Any CPU
		{841210AA-599E-4675-9AB7-71BDC5B6E0DC}.Release|Any CPU.Build.0 = Release|Any CPU
		{FF42B0EE-1FAA-4A7A-9845-B14CC85CC5F8}.Debug|Any CPU.ActiveCfg = Debug|Any CPU
		{FF42B0EE-1FAA-4A7A-9845-B14CC85CC5F8}.Debug|Any CPU.Build.0 = Debug|Any CPU
		{FF42B0EE-1FAA-4A7A-9845-B14CC85CC5F8}.Release|Any CPU.ActiveCfg = Release|Any CPU
		{FF42B0EE-1FAA-4A7A-9845-B14CC85CC5F8}.Release|Any CPU.Build.0 = Release|Any CPU
		{ED3CC4E3-1B64-4D21-86B2-6E8CD0C71B3F}.Debug|Any CPU.ActiveCfg = Debug|Any CPU
		{ED3CC4E3-1B64-4D21-86B2-6E8CD0C71B3F}.Debug|Any CPU.Build.0 = Debug|Any CPU
		{ED3CC4E3-1B64-4D21-86B2-6E8CD0C71B3F}.Release|Any CPU.ActiveCfg = Release|Any CPU
		{ED3CC4E3-1B64-4D21-86B2-6E8CD0C71B3F}.Release|Any CPU.Build.0 = Release|Any CPU
	EndGlobalSection
	GlobalSection(SolutionProperties) = preSolution
		HideSolutionNode = FALSE
	EndGlobalSection
	GlobalSection(ExtensibilityGlobals) = postSolution
		SolutionGuid = {C9468A3D-45DC-4208-828C-DB11ABD7EDEF}
	EndGlobalSection
EndGlobal
